{
  "name": "codekit-project",
  "version": "1.0.0",
  "lockfileVersion": 1,
  "requires": true,
  "dependencies": {
    "gsap": {
      "version": "file:../../../Desktop/web-3-students-W22-simpleMenuComplete/gsap-bonus.tgz",
      "integrity": "sha512-8cZp2/l9gBdFzI7Dpojh8tVPRDFivowSX8N3jl42zecPv8SXdysx4GrJcwVJz4Bl/pamFZdi17s85m4Bq5/pcQ=="
    },
    "jquery": {
      "version": "3.6.0",
      "resolved": "https://registry.npmjs.org/jquery/-/jquery-3.6.0.tgz",
      "integrity": "sha512-JVzAR/AjBvVt2BmYhxRCSYysDsPcssdmTFnzyLEts9qNwmjmu4JTAMYubEfwVOSwpQ1I1sKKFcxhZCI2buerfw=="
    }
  }
}
